
Microsoft Visual Studio Solution File, Format Version 12.00
# Visual Studio 15
VisualStudioVersion = 15.0.26430.12
MinimumVisualStudioVersion = 10.0.40219.1
Project("{FAE04EC0-301F-11D3-BF4B-00C04F79EFBC}") = "POC_IOT", "POC_IOT\POC_IOT.csproj", "{98CE6EB6-3AEA-49DA-9CA5-38C9583AF99E}"
EndProject
Project("{FAE04EC0-301F-11D3-BF4B-00C04F79EFBC}") = "IoTSuiteLib", "IoTSuiteLib\IoTSuiteLib.csproj", "{3E44A9E4-ED33-406C-9BB8-B0DA1C75FBE4}"
EndProject
Project("{FAE04EC0-301F-11D3-BF4B-00C04F79EFBC}") = "C2DTest", "C2DTest\C2DTest.csproj", "{8E0CD7F6-4720-4A8A-A094-A00C0EB63CA7}"
EndProject
Project("{2150E333-8FDC-42A3-9474-1A3956D46DE8}") = "AzureFunction", "AzureFunction", "{1B555844-CF32-41A1-8AFA-3C2F6E2CC36A}"
	ProjectSection(SolutionItems) = preProject
		AzureFunction\Project.json = AzureFunction\Project.json
		AzureFunction\SendAlertFunction.cs = AzureFunction\SendAlertFunction.cs
	EndProjectSection
EndProject
Global
	GlobalSection(SolutionConfigurationPlatforms) = preSolution
		Debug|Any CPU = Debug|Any CPU
		Debug|ARM = Debug|ARM
		Debug|x64 = Debug|x64
		Debug|x86 = Debug|x86
		Release|Any CPU = Release|Any CPU
		Release|ARM = Release|ARM
		Release|x64 = Release|x64
		Release|x86 = Release|x86
	EndGlobalSection
	GlobalSection(ProjectConfigurationPlatforms) = postSolution
		{98CE6EB6-3AEA-49DA-9CA5-38C9583AF99E}.Debug|Any CPU.ActiveCfg = Debug|x86
		{98CE6EB6-3AEA-49DA-9CA5-38C9583AF99E}.Debug|ARM.ActiveCfg = Debug|ARM
		{98CE6EB6-3AEA-49DA-9CA5-38C9583AF99E}.Debug|ARM.Build.0 = Debug|ARM
		{98CE6EB6-3AEA-49DA-9CA5-38C9583AF99E}.Debug|ARM.Deploy.0 = Debug|ARM
		{98CE6EB6-3AEA-49DA-9CA5-38C9583AF99E}.Debug|x64.ActiveCfg = Debug|x64
		{98CE6EB6-3AEA-49DA-9CA5-38C9583AF99E}.Debug|x86.ActiveCfg = Debug|x86
		{98CE6EB6-3AEA-49DA-9CA5-38C9583AF99E}.Debug|x86.Build.0 = Debug|x86
		{98CE6EB6-3AEA-49DA-9CA5-38C9583AF99E}.Debug|x86.Deploy.0 = Debug|x86
		{98CE6EB6-3AEA-49DA-9CA5-38C9583AF99E}.Release|Any CPU.ActiveCfg = Release|x86
		{98CE6EB6-3AEA-49DA-9CA5-38C9583AF99E}.Release|ARM.ActiveCfg = Release|ARM
		{98CE6EB6-3AEA-49DA-9CA5-38C9583AF99E}.Release|ARM.Build.0 = Release|ARM
		{98CE6EB6-3AEA-49DA-9CA5-38C9583AF99E}.Release|ARM.Deploy.0 = Release|ARM
		{98CE6EB6-3AEA-49DA-9CA5-38C9583AF99E}.Release|x64.ActiveCfg = Release|x64
		{98CE6EB6-3AEA-49DA-9CA5-38C9583AF99E}.Release|x64.Build.0 = Release|x64
		{98CE6EB6-3AEA-49DA-9CA5-38C9583AF99E}.Release|x64.Deploy.0 = Release|x64
		{98CE6EB6-3AEA-49DA-9CA5-38C9583AF99E}.Release|x86.ActiveCfg = Release|x86
		{98CE6EB6-3AEA-49DA-9CA5-38C9583AF99E}.Release|x86.Build.0 = Release|x86
		{98CE6EB6-3AEA-49DA-9CA5-38C9583AF99E}.Release|x86.Deploy.0 = Release|x86
		{3E44A9E4-ED33-406C-9BB8-B0DA1C75FBE4}.Debug|Any CPU.ActiveCfg = Debug|Any CPU
		{3E44A9E4-ED33-406C-9BB8-B0DA1C75FBE4}.Debug|Any CPU.Build.0 = Debug|Any CPU
		{3E44A9E4-ED33-406C-9BB8-B0DA1C75FBE4}.Debug|ARM.ActiveCfg = Debug|Any CPU
		{3E44A9E4-ED33-406C-9BB8-B0DA1C75FBE4}.Debug|ARM.Build.0 = Debug|Any CPU
		{3E44A9E4-ED33-406C-9BB8-B0DA1C75FBE4}.Debug|x64.ActiveCfg = Debug|Any CPU
		{3E44A9E4-ED33-406C-9BB8-B0DA1C75FBE4}.Debug|x86.ActiveCfg = Debug|Any CPU
		{3E44A9E4-ED33-406C-9BB8-B0DA1C75FBE4}.Debug|x86.Build.0 = Debug|Any CPU
		{3E44A9E4-ED33-406C-9BB8-B0DA1C75FBE4}.Release|Any CPU.ActiveCfg = Release|Any CPU
		{3E44A9E4-ED33-406C-9BB8-B0DA1C75FBE4}.Release|Any CPU.Build.0 = Release|Any CPU
		{3E44A9E4-ED33-406C-9BB8-B0DA1C75FBE4}.Release|ARM.ActiveCfg = Release|Any CPU
		{3E44A9E4-ED33-406C-9BB8-B0DA1C75FBE4}.Release|ARM.Build.0 = Release|Any CPU
		{3E44A9E4-ED33-406C-9BB8-B0DA1C75FBE4}.Release|x64.ActiveCfg = Release|Any CPU
		{3E44A9E4-ED33-406C-9BB8-B0DA1C75FBE4}.Release|x64.Build.0 = Release|Any CPU
		{3E44A9E4-ED33-406C-9BB8-B0DA1C75FBE4}.Release|x86.ActiveCfg = Release|Any CPU
		{3E44A9E4-ED33-406C-9BB8-B0DA1C75FBE4}.Release|x86.Build.0 = Release|Any CPU
		{8E0CD7F6-4720-4A8A-A094-A00C0EB63CA7}.Debug|Any CPU.ActiveCfg = Debug|x86
		{8E0CD7F6-4720-4A8A-A094-A00C0EB63CA7}.Debug|ARM.ActiveCfg = Debug|ARM
		{8E0CD7F6-4720-4A8A-A094-A00C0EB63CA7}.Debug|x64.ActiveCfg = Debug|x64
		{8E0CD7F6-4720-4A8A-A094-A00C0EB63CA7}.Debug|x64.Build.0 = Debug|x64
		{8E0CD7F6-4720-4A8A-A094-A00C0EB63CA7}.Debug|x64.Deploy.0 = Debug|x64
		{8E0CD7F6-4720-4A8A-A094-A00C0EB63CA7}.Debug|x86.ActiveCfg = Debug|x86
		{8E0CD7F6-4720-4A8A-A094-A00C0EB63CA7}.Debug|x86.Build.0 = Debug|x86
		{8E0CD7F6-4720-4A8A-A094-A00C0EB63CA7}.Debug|x86.Deploy.0 = Debug|x86
		{8E0CD7F6-4720-4A8A-A094-A00C0EB63CA7}.Release|Any CPU.ActiveCfg = Release|x86
		{8E0CD7F6-4720-4A8A-A094-A00C0EB63CA7}.Release|ARM.ActiveCfg = Release|ARM
		{8E0CD7F6-4720-4A8A-A094-A00C0EB63CA7}.Release|ARM.Build.0 = Release|ARM
		{8E0CD7F6-4720-4A8A-A094-A00C0EB63CA7}.Release|ARM.Deploy.0 = Release|ARM
		{8E0CD7F6-4720-4A8A-A094-A00C0EB63CA7}.Release|x64.ActiveCfg = Release|x64
		{8E0CD7F6-4720-4A8A-A094-A00C0EB63CA7}.Release|x64.Build.0 = Release|x64
		{8E0CD7F6-4720-4A8A-A094-A00C0EB63CA7}.Release|x64.Deploy.0 = Release|x64
		{8E0CD7F6-4720-4A8A-A094-A00C0EB63CA7}.Release|x86.ActiveCfg = Release|x86
		{8E0CD7F6-4720-4A8A-A094-A00C0EB63CA7}.Release|x86.Build.0 = Release|x86
		{8E0CD7F6-4720-4A8A-A094-A00C0EB63CA7}.Release|x86.Deploy.0 = Release|x86
	EndGlobalSection
	GlobalSection(SolutionProperties) = preSolution
		HideSolutionNode = FALSE
	EndGlobalSection
EndGlobal
